// !$*UTF8*$!
{
	archiveVersion = 1;
	classes = {
	};
	objectVersion = 50;
	objects = {

/* Begin PBXBuildFile section */
		6F6AC89B226EF8DB00B99CAA /* MMTabbar.m in Sources */ = {isa = PBXBuildFile; fileRef = 6F6AC89A226EF8DB00B99CAA /* MMTabbar.m */; };
		6FF38615225457750048A776 /* AppDelegate.m in Sources */ = {isa = PBXBuildFile; fileRef = 6FF38614225457750048A776 /* AppDelegate.m */; };
		6FF3861B225457750048A776 /* Main.storyboard in Resources */ = {isa = PBXBuildFile; fileRef = 6FF38619225457750048A776 /* Main.storyboard */; };
		6FF3861E225457750048A776 /* tabbarController.xcdatamodeld in Sources */ = {isa = PBXBuildFile; fileRef = 6FF3861C225457750048A776 /* tabbarController.xcdatamodeld */; };
		6FF386202254577A0048A776 /* Assets.xcassets in Resources */ = {isa = PBXBuildFile; fileRef = 6FF3861F2254577A0048A776 /* Assets.xcassets */; };
		6FF386232254577A0048A776 /* LaunchScreen.storyboard in Resources */ = {isa = PBXBuildFile; fileRef = 6FF386212254577A0048A776 /* LaunchScreen.storyboard */; };
		6FF386262254577A0048A776 /* main.m in Sources */ = {isa = PBXBuildFile; fileRef = 6FF386252254577A0048A776 /* main.m */; };
		6FF3862E225457990048A776 /* OneViewController.m in Sources */ = {isa = PBXBuildFile; fileRef = 6FF3862D225457990048A776 /* OneViewController.m */; };
		6FF38631225457A10048A776 /* TwoViewController.m in Sources */ = {isa = PBXBuildFile; fileRef = 6FF38630225457A10048A776 /* TwoViewController.m */; };
		6FF38634225457AF0048A776 /* ThreeViewController.m in Sources */ = {isa = PBXBuildFile; fileRef = 6FF38633225457AF0048A776 /* ThreeViewController.m */; };
		6FF38637225457D60048A776 /* FirstTabbarController.m in Sources */ = {isa = PBXBuildFile; fileRef = 6FF38636225457D60048A776 /* FirstTabbarController.m */; };
		6FF3863A225457F40048A776 /* SecondTabbarController.m in Sources */ = {isa = PBXBuildFile; fileRef = 6FF38639225457F40048A776 /* SecondTabbarController.m */; };
		6FF386402254584A0048A776 /* MainNavgationController.m in Sources */ = {isa = PBXBuildFile; fileRef = 6FF3863F2254584A0048A776 /* MainNavgationController.m */; };
		6FF386432254649A0048A776 /* FourViewController.m in Sources */ = {isa = PBXBuildFile; fileRef = 6FF386422254649A0048A776 /* FourViewController.m */; };
		6FF3864622548AB20048A776 /* ThirdTabbarController.m in Sources */ = {isa = PBXBuildFile; fileRef = 6FF3864522548AB20048A776 /* ThirdTabbarController.m */; };
/* End PBXBuildFile section */

/* Begin PBXFileReference section */
		6F6AC899226EF8DB00B99CAA /* MMTabbar.h */ = {isa = PBXFileReference; fileEncoding = 4; lastKnownFileType = sourcecode.c.h; path = MMTabbar.h; sourceTree = "<group>"; };
		6F6AC89A226EF8DB00B99CAA /* MMTabbar.m */ = {isa = PBXFileReference; fileEncoding = 4; lastKnownFileType = sourcecode.c.objc; path = MMTabbar.m; sourceTree = "<group>"; };
		6FF38610225457750048A776 /* tabbarController.app */ = {isa = PBXFileReference; explicitFileType = wrapper.application; includeInIndex = 0; path = tabbarController.app; sourceTree = BUILT_PRODUCTS_DIR; };
		6FF38613225457750048A776 /* AppDelegate.h */ = {isa = PBXFileReference; lastKnownFileType = sourcecode.c.h; path = AppDelegate.h; sourceTree = "<group>"; };
		6FF38614225457750048A776 /* AppDelegate.m */ = {isa = PBXFileReference; lastKnownFileType = sourcecode.c.objc; path = AppDelegate.m; sourceTree = "<group>"; };
		6FF3861A225457750048A776 /* Base */ = {isa = PBXFileReference; lastKnownFileType = file.storyboard; name = Base; path = Base.lproj/Main.storyboard; sourceTree = "<group>"; };
		6FF3861D225457750048A776 /* tabbarController.xcdatamodel */ = {isa = PBXFileReference; lastKnownFileType = wrapper.xcdatamodel; path = tabbarController.xcdatamodel; sourceTree = "<group>"; };
		6FF3861F2254577A0048A776 /* Assets.xcassets */ = {isa = PBXFileReference; lastKnownFileType = folder.assetcatalog; path = Assets.xcassets; sourceTree = "<group>"; };
		6FF386222254577A0048A776 /* Base */ = {isa = PBXFileReference; lastKnownFileType = file.storyboard; name = Base; path = Base.lproj/LaunchScreen.storyboard; sourceTree = "<group>"; };
		6FF386242254577A0048A776 /* Info.plist */ = {isa = PBXFileReference; lastKnownFileType = text.plist.xml; path = Info.plist; sourceTree = "<group>"; };
		6FF386252254577A0048A776 /* main.m */ = {isa = PBXFileReference; lastKnownFileType = sourcecode.c.objc; path = main.m; sourceTree = "<group>"; };
		6FF3862C225457990048A776 /* OneViewController.h */ = {isa = PBXFileReference; lastKnownFileType = sourcecode.c.h; path = OneViewController.h; sourceTree = "<group>"; };
		6FF3862D225457990048A776 /* OneViewController.m */ = {isa = PBXFileReference; lastKnownFileType = sourcecode.c.objc; path = OneViewController.m; sourceTree = "<group>"; };
		6FF3862F225457A10048A776 /* TwoViewController.h */ = {isa = PBXFileReference; lastKnownFileType = sourcecode.c.h; path = TwoViewController.h; sourceTree = "<group>"; };
		6FF38630225457A10048A776 /* TwoViewController.m */ = {isa = PBXFileReference; lastKnownFileType = sourcecode.c.objc; path = TwoViewController.m; sourceTree = "<group>"; };
		6FF38632225457AF0048A776 /* ThreeViewController.h */ = {isa = PBXFileReference; lastKnownFileType = sourcecode.c.h; path = ThreeViewController.h; sourceTree = "<group>"; };
		6FF38633225457AF0048A776 /* ThreeViewController.m */ = {isa = PBXFileReference; lastKnownFileType = sourcecode.c.objc; path = ThreeViewController.m; sourceTree = "<group>"; };
		6FF38635225457D60048A776 /* FirstTabbarController.h */ = {isa = PBXFileReference; lastKnownFileType = sourcecode.c.h; path = FirstTabbarController.h; sourceTree = "<group>"; };
		6FF38636225457D60048A776 /* FirstTabbarController.m */ = {isa = PBXFileReference; lastKnownFileType = sourcecode.c.objc; path = FirstTabbarController.m; sourceTree = "<group>"; };
		6FF38638225457F40048A776 /* SecondTabbarController.h */ = {isa = PBXFileReference; lastKnownFileType = sourcecode.c.h; path = SecondTabbarController.h; sourceTree = "<group>"; };
		6FF38639225457F40048A776 /* SecondTabbarController.m */ = {isa = PBXFileReference; lastKnownFileType = sourcecode.c.objc; path = SecondTabbarController.m; sourceTree = "<group>"; };
		6FF3863E2254584A0048A776 /* MainNavgationController.h */ = {isa = PBXFileReference; lastKnownFileType = sourcecode.c.h; path = MainNavgationController.h; sourceTree = "<group>"; };
		6FF3863F2254584A0048A776 /* MainNavgationController.m */ = {isa = PBXFileReference; lastKnownFileType = sourcecode.c.objc; path = MainNavgationController.m; sourceTree = "<group>"; };
		6FF386412254649A0048A776 /* FourViewController.h */ = {isa = PBXFileReference; lastKnownFileType = sourcecode.c.h; path = FourViewController.h; sourceTree = "<group>"; };
		6FF386422254649A0048A776 /* FourViewController.m */ = {isa = PBXFileReference; lastKnownFileType = sourcecode.c.objc; path = FourViewController.m; sourceTree = "<group>"; };
		6FF3864422548AB20048A776 /* ThirdTabbarController.h */ = {isa = PBXFileReference; lastKnownFileType = sourcecode.c.h; path = ThirdTabbarController.h; sourceTree = "<group>"; };
		6FF3864522548AB20048A776 /* ThirdTabbarController.m */ = {isa = PBXFileReference; lastKnownFileType = sourcecode.c.objc; path = ThirdTabbarController.m; sourceTree = "<group>"; };
/* End PBXFileReference section */

/* Begin PBXFrameworksBuildPhase section */
		6FF3860D225457750048A776 /* Frameworks */ = {
			isa = PBXFrameworksBuildPhase;
			buildActionMask = 2147483647;
			files = (
			);
			runOnlyForDeploymentPostprocessing = 0;
		};
/* End PBXFrameworksBuildPhase section */

/* Begin PBXGroup section */
		6FF38607225457750048A776 = {
			isa = PBXGroup;
			children = (
				6FF38612225457750048A776 /* tabbarController */,
				6FF38611225457750048A776 /* Products */,
			);
			sourceTree = "<group>";
		};
		6FF38611225457750048A776 /* Products */ = {
			isa = PBXGroup;
			children = (
				6FF38610225457750048A776 /* tabbarController.app */,
			);
			name = Products;
			sourceTree = "<group>";
		};
		6FF38612225457750048A776 /* tabbarController */ = {
			isa = PBXGroup;
			children = (
				6FF38613225457750048A776 /* AppDelegate.h */,
				6FF38614225457750048A776 /* AppDelegate.m */,
				6F6AC899226EF8DB00B99CAA /* MMTabbar.h */,
				6F6AC89A226EF8DB00B99CAA /* MMTabbar.m */,
				6FF3862C225457990048A776 /* OneViewController.h */,
				6FF3862D225457990048A776 /* OneViewController.m */,
				6FF3862F225457A10048A776 /* TwoViewController.h */,
				6FF38630225457A10048A776 /* TwoViewController.m */,
				6FF38632225457AF0048A776 /* ThreeViewController.h */,
				6FF38633225457AF0048A776 /* ThreeViewController.m */,
				6FF386412254649A0048A776 /* FourViewController.h */,
				6FF386422254649A0048A776 /* FourViewController.m */,
				6FF38635225457D60048A776 /* FirstTabbarController.h */,
				6FF38636225457D60048A776 /* FirstTabbarController.m */,
				6FF38638225457F40048A776 /* SecondTabbarController.h */,
				6FF38639225457F40048A776 /* SecondTabbarController.m */,
				6FF3864422548AB20048A776 /* ThirdTabbarController.h */,
				6FF3864522548AB20048A776 /* ThirdTabbarController.m */,
				6FF3863E2254584A0048A776 /* MainNavgationController.h */,
				6FF3863F2254584A0048A776 /* MainNavgationController.m */,
				6FF38619225457750048A776 /* Main.storyboard */,
				6FF3861F2254577A0048A776 /* Assets.xcassets */,
				6FF386212254577A0048A776 /* LaunchScreen.storyboard */,
				6FF386242254577A0048A776 /* Info.plist */,
				6FF386252254577A0048A776 /* main.m */,
				6FF3861C225457750048A776 /* tabbarController.xcdatamodeld */,
			);
			path = tabbarController;
			sourceTree = "<group>";
		};
/* End PBXGroup section */

/* Begin PBXNativeTarget section */
		6FF3860F225457750048A776 /* tabbarController */ = {
			isa = PBXNativeTarget;
			buildConfigurationList = 6FF386292254577A0048A776 /* Build configuration list for PBXNativeTarget "tabbarController" */;
			buildPhases = (
				6FF3860C225457750048A776 /* Sources */,
				6FF3860D225457750048A776 /* Frameworks */,
				6FF3860E225457750048A776 /* Resources */,
			);
			buildRules = (
			);
			dependencies = (
			);
			name = tabbarController;
			productName = tabbarController;
			productReference = 6FF38610225457750048A776 /* tabbarController.app */;
			productType = "com.apple.product-type.application";
		};
/* End PBXNativeTarget section */

/* Begin PBXProject section */
		6FF38608225457750048A776 /* Project object */ = {
			isa = PBXProject;
			attributes = {
				LastUpgradeCheck = 1010;
				ORGANIZATIONNAME = WenqiangLI;
				TargetAttributes = {
					6FF3860F225457750048A776 = {
						CreatedOnToolsVersion = 10.1;
					};
				};
			};
			buildConfigurationList = 6FF3860B225457750048A776 /* Build configuration list for PBXProject "tabbarController" */;
			compatibilityVersion = "Xcode 9.3";
			developmentRegion = en;
			hasScannedForEncodings = 0;
			knownRegions = (
				en,
				Base,
			);
			mainGroup = 6FF38607225457750048A776;
			productRefGroup = 6FF38611225457750048A776 /* Products */;
			projectDirPath = "";
			projectRoot = "";
			targets = (
				6FF3860F225457750048A776 /* tabbarController */,
			);
		};
/* End PBXProject section */

/* Begin PBXResourcesBuildPhase section */
		6FF3860E225457750048A776 /* Resources */ = {
			isa = PBXResourcesBuildPhase;
			buildActionMask = 2147483647;
			files = (
				6FF386232254577A0048A776 /* LaunchScreen.storyboard in Resources */,
				6FF386202254577A0048A776 /* Assets.xcassets in Resources */,
				6FF3861B225457750048A776 /* Main.storyboard in Resources */,
			);
			runOnlyForDeploymentPostprocessing = 0;
		};
/* End PBXResourcesBuildPhase section */

/* Begin PBXSourcesBuildPhase section */
		6FF3860C225457750048A776 /* Sources */ = {
			isa = PBXSourcesBuildPhase;
			buildActionMask = 2147483647;
			files = (
				6FF386402254584A0048A776 /* MainNavgationController.m in Sources */,
				6FF38634225457AF0048A776 /* ThreeViewController.m in Sources */,
				6FF3864622548AB20048A776 /* ThirdTabbarController.m in Sources */,
				6FF386432254649A0048A776 /* FourViewController.m in Sources */,
				6FF38637225457D60048A776 /* FirstTabbarController.m in Sources */,
				6FF3862E225457990048A776 /* OneViewController.m in Sources */,
				6FF38615225457750048A776 /* AppDelegate.m in Sources */,
				6FF38631225457A10048A776 /* TwoViewController.m in Sources */,
				6FF3863A225457F40048A776 /* SecondTabbarController.m in Sources */,
				6FF386262254577A0048A776 /* main.m in Sources */,
				6FF3861E225457750048A776 /* tabbarController.xcdatamodeld in Sources */,
				6F6AC89B226EF8DB00B99CAA /* MMTabbar.m in Sources */,
			);
			runOnlyForDeploymentPostprocessing = 0;
		};
/* End PBXSourcesBuildPhase section */

/* Begin PBXVariantGroup section */
		6FF38619225457750048A776 /* Main.storyboard */ = {
			isa = PBXVariantGroup;
			children = (
				6FF3861A225457750048A776 /* Base */,
			);
			name = Main.storyboard;
			sourceTree = "<group>";
		};
		6FF386212254577A0048A776 /* LaunchScreen.storyboard */ = {
			isa = PBXVariantGroup;
			children = (
				6FF386222254577A0048A776 /* Base */,
			);
			name = LaunchScreen.storyboard;
			sourceTree = "<group>";
		};
/* End PBXVariantGroup section */

/* Begin XCBuildConfiguration section */
		6FF386272254577A0048A776 /* Debug */ = {
			isa = XCBuildConfiguration;
			buildSettings = {
				ALWAYS_SEARCH_USER_PATHS = NO;
				CLANG_ANALYZER_NONNULL = YES;
				CLANG_ANALYZER_NUMBER_OBJECT_CONVERSION = YES_AGGRESSIVE;
				CLANG_CXX_LANGUAGE_STANDARD = "gnu++14";
				CLANG_CXX_LIBRARY = "libc++";
				CLANG_ENABLE_MODULES = YES;
				CLANG_ENABLE_OBJC_ARC = YES;
				CLANG_ENABLE_OBJC_WEAK = YES;
				CLANG_WARN_BLOCK_CAPTURE_AUTORELEASING = YES;
				CLANG_WARN_BOOL_CONVERSION = YES;
				CLANG_WARN_COMMA = YES;
				CLANG_WARN_CONSTANT_CONVERSION = YES;
				CLANG_WARN_DEPRECATED_OBJC_IMPLEMENTATIONS = YES;
				CLANG_WARN_DIRECT_OBJC_ISA_USAGE = YES_ERROR;
				CLANG_WARN_DOCUMENTATION_COMMENTS = YES;
				CLANG_WARN_EMPTY_BODY = YES;
				CLANG_WARN_ENUM_CONVERSION = YES;
				CLANG_WARN_INFINITE_RECURSION = YES;
				CLANG_WARN_INT_CONVERSION = YES;
				CLANG_WARN_NON_LITERAL_NULL_CONVERSION = YES;
				CLANG_WARN_OBJC_IMPLICIT_RETAIN_SELF = YES;
				CLANG_WARN_OBJC_LITERAL_CONVERSION = YES;
				CLANG_WARN_OBJC_ROOT_CLASS = YES_ERROR;
				CLANG_WARN_RANGE_LOOP_ANALYSIS = YES;
				CLANG_WARN_STRICT_PROTOTYPES = YES;
				CLANG_WARN_SUSPICIOUS_MOVE = YES;
				CLANG_WARN_UNGUARDED_AVAILABILITY = YES_AGGRESSIVE;
				CLANG_WARN_UNREACHABLE_CODE = YES;
				CLANG_WARN__DUPLICATE_METHOD_MATCH = YES;
				CODE_SIGN_IDENTITY = "iPhone Developer";
				COPY_PHASE_STRIP = NO;
				DEBUG_INFORMATION_FORMAT = dwarf;
				ENABLE_STRICT_OBJC_MSGSEND = YES;
				ENABLE_TESTABILITY = YES;
				GCC_C_LANGUAGE_STANDARD = gnu11;
				GCC_DYNAMIC_NO_PIC = NO;
				GCC_NO_COMMON_BLOCKS = YES;
				GCC_OPTIMIZATION_LEVEL = 0;
				GCC_PREPROCESSOR_DEFINITIONS = (
					"DEBUG=1",
					"$(inherited)",
				);
				GCC_WARN_64_TO_32_BIT_CONVERSION = YES;
				GCC_WARN_ABOUT_RETURN_TYPE = YES_ERROR;
				GCC_WARN_UNDECLARED_SELECTOR = YES;
				GCC_WARN_UNINITIALIZED_AUTOS = YES_AGGRESSIVE;
				GCC_WARN_UNUSED_FUNCTION = YES;
				GCC_WARN_UNUSED_VARIABLE = YES;
				IPHONEOS_DEPLOYMENT_TARGET = 12.1;
				MTL_ENABLE_DEBUG_INFO = INCLUDE_SOURCE;
				MTL_FAST_MATH = YES;
				ONLY_ACTIVE_ARCH = YES;
				SDKROOT = iphoneos;
			};
			name = Debug;
		};
		6FF386282254577A0048A776 /* Release */ = {
			isa = XCBuildConfiguration;
			buildSettings = {
				ALWAYS_SEARCH_USER_PATHS = NO;
				CLANG_ANALYZER_NONNULL = YES;
				CLANG_ANALYZER_NUMBER_OBJECT_CONVERSION = YES_AGGRESSIVE;
				CLANG_CXX_LANGUAGE_STANDARD = "gnu++14";
				CLANG_CXX_LIBRARY = "libc++";
				CLANG_ENABLE_MODULES = YES;
				CLANG_ENABLE_OBJC_ARC = YES;
				CLANG_ENABLE_OBJC_WEAK = YES;
				CLANG_WARN_BLOCK_CAPTURE_AUTORELEASING = YES;
				CLANG_WARN_BOOL_CONVERSION = YES;
				CLANG_WARN_COMMA = YES;
				CLANG_WARN_CONSTANT_CONVERSION = YES;
				CLANG_WARN_DEPRECATED_OBJC_IMPLEMENTATIONS = YES;
				CLANG_WARN_DIRECT_OBJC_ISA_USAGE = YES_ERROR;
				CLANG_WARN_DOCUMENTATION_COMMENTS = YES;
				CLANG_WARN_EMPTY_BODY = YES;
				CLANG_WARN_ENUM_CONVERSION = YES;
				CLANG_WARN_INFINITE_RECURSION = YES;
				CLANG_WARN_INT_CONVERSION = YES;
				CLANG_WARN_NON_LITERAL_NULL_CONVERSION = YES;
				CLANG_WARN_OBJC_IMPLICIT_RETAIN_SELF = YES;
				CLANG_WARN_OBJC_LITERAL_CONVERSION = YES;
				CLANG_WARN_OBJC_ROOT_CLASS = YES_ERROR;
				CLANG_WARN_RANGE_LOOP_ANALYSIS = YES;
				CLANG_WARN_STRICT_PROTOTYPES = YES;
				CLANG_WARN_SUSPICIOUS_MOVE = YES;
				CLANG_WARN_UNGUARDED_AVAILABILITY = YES_AGGRESSIVE;
				CLANG_WARN_UNREACHABLE_CODE = YES;
				CLANG_WARN__DUPLICATE_METHOD_MATCH = YES;
				CODE_SIGN_IDENTITY = "iPhone Developer";
				COPY_PHASE_STRIP = NO;
				DEBUG_INFORMATION_FORMAT = "dwarf-with-dsym";
				ENABLE_NS_ASSERTIONS = NO;
				ENABLE_STRICT_OBJC_MSGSEND = YES;
				GCC_C_LANGUAGE_STANDARD = gnu11;
				GCC_NO_COMMON_BLOCKS = YES;
				GCC_WARN_64_TO_32_BIT_CONVERSION = YES;
				GCC_WARN_ABOUT_RETURN_TYPE = YES_ERROR;
				GCC_WARN_UNDECLARED_SELECTOR = YES;
				GCC_WARN_UNINITIALIZED_AUTOS = YES_AGGRESSIVE;
				GCC_WARN_UNUSED_FUNCTION = YES;
				GCC_WARN_UNUSED_VARIABLE = YES;
				IPHONEOS_DEPLOYMENT_TARGET = 12.1;
				MTL_ENABLE_DEBUG_INFO = NO;
				MTL_FAST_MATH = YES;
				SDKROOT = iphoneos;
				VALIDATE_PRODUCT = YES;
			};
			name = Release;
		};
		6FF3862A2254577A0048A776 /* Debug */ = {
			isa = XCBuildConfiguration;
			buildSettings = {
				ASSETCATALOG_COMPILER_APPICON_NAME = AppIcon;
				CODE_SIGN_STYLE = Automatic;
				DEVELOPMENT_TEAM = 6L3GDK8D9J;
				INFOPLIST_FILE = tabbarController/Info.plist;
				IPHONEOS_DEPLOYMENT_TARGET = 9.0;
				LD_RUNPATH_SEARCH_PATHS = (
					"$(inherited)",
					"@executable_path/Frameworks",
				);
				PRODUCT_BUNDLE_IDENTIFIER = wenqiangli.tabbarController;
				PRODUCT_NAME = "$(TARGET_NAME)";
				TARGETED_DEVICE_FAMILY = "1,2";
			};
			name = Debug;
		};
		6FF3862B2254577A0048A776 /* Release */ = {
			isa = XCBuildConfiguration;
			buildSettings = {
				ASSETCATALOG_COMPILER_APPICON_NAME = AppIcon;
				CODE_SIGN_STYLE = Automatic;
				DEVELOPMENT_TEAM = 6L3GDK8D9J;
				INFOPLIST_FILE = tabbarController/Info.plist;
				IPHONEOS_DEPLOYMENT_TARGET = 9.0;
				LD_RUNPATH_SEARCH_PATHS = (
					"$(inherited)",
					"@executable_path/Frameworks",
				);
				PRODUCT_BUNDLE_IDENTIFIER = wenqiangli.tabbarController;
				PRODUCT_NAME = "$(TARGET_NAME)";
				TARGETED_DEVICE_FAMILY = "1,2";
			};
			name = Release;
		};
/* End XCBuildConfiguration section */

/* Begin XCConfigurationList section */
		6FF3860B225457750048A776 /* Build configuration list for PBXProject "tabbarController" */ = {
			isa = XCConfigurationList;
			buildConfigurations = (
				6FF386272254577A0048A776 /* Debug */,
				6FF386282254577A0048A776 /* Release */,
			);
			defaultConfigurationIsVisible = 0;
			defaultConfigurationName = Release;
		};
		6FF386292254577A0048A776 /* Build configuration list for PBXNativeTarget "tabbarController" */ = {
			isa = XCConfigurationList;
			buildConfigurations = (
				6FF3862A2254577A0048A776 /* Debug */,
				6FF3862B2254577A0048A776 /* Release */,
			);
			defaultConfigurationIsVisible = 0;
			defaultConfigurationName = Release;
		};
/* End XCConfigurationList section */

/* Begin XCVersionGroup section */
		6FF3861C225457750048A776 /* tabbarController.xcdatamodeld */ = {
			isa = XCVersionGroup;
			children = (
				6FF3861D225457750048A776 /* tabbarController.xcdatamodel */,
			);
			currentVersion = 6FF3861D225457750048A776 /* tabbarController.xcdatamodel */;
			path = tabbarController.xcdatamodeld;
			sourceTree = "<group>";
			versionGroupType = wrapper.xcdatamodel;
		};
/* End XCVersionGroup section */
	};
	rootObject = 6FF38608225457750048A776 /* Project object */;
}
